
Microsoft Visual Studio Solution File, Format Version 12.00
# Visual Studio Version 17
VisualStudioVersion = 17.8.34525.116
MinimumVisualStudioVersion = 10.0.40219.1
Project("{FAE04EC0-301F-11D3-BF4B-00C04F79EFBC}") = "TicTacToe", "TicTacToe\TicTacToe.csproj", "{30933499-C8D5-44E3-8AD0-91B18558C410}"
EndProject
Global
	GlobalSection(SolutionConfigurationPlatforms) = preSolution
		Debug|Any CPU = Debug|Any CPU
		Release|Any CPU = Release|Any CPU
	EndGlobalSection
	GlobalSection(ProjectConfigurationPlatforms) = postSolution
		{30933499-C8D5-44E3-8AD0-91B18558C410}.Debug|Any CPU.ActiveCfg = Debug|Any CPU
		{30933499-C8D5-44E3-8AD0-91B18558C410}.Debug|Any CPU.Build.0 = Debug|Any CPU
		{30933499-C8D5-44E3-8AD0-91B18558C410}.Release|Any CPU.ActiveCfg = Release|Any CPU
		{30933499-C8D5-44E3-8AD0-91B18558C410}.Release|Any CPU.Build.0 = Release|Any CPU
	EndGlobalSection
	GlobalSection(SolutionProperties) = preSolution
		HideSolutionNode = FALSE
	EndGlobalSection
	GlobalSection(ExtensibilityGlobals) = postSolution
		SolutionGuid = {FCC6319F-24FE-4404-B3F1-1DB681588CC1}
	EndGlobalSection
EndGlobal
